PODS:
  - CocoaLumberjack (2.2.0):
    - CocoaLumberjack/Default (= 2.2.0)
    - CocoaLumberjack/Extensions (= 2.2.0)
  - CocoaLumberjack/Core (2.2.0)
  - CocoaLumberjack/Default (2.2.0):
    - CocoaLumberjack/Core
  - CocoaLumberjack/Extensions (2.2.0):
    - CocoaLumberjack/Default
  - Expecta (1.0.5)
  - JSONModel (1.2.0)
  - mozu-ios-sdk (1.18.15266.2):
    - CocoaLumberjack
    - JSONModel
  - Specta (1.0.5)

DEPENDENCIES:
  - Expecta
  - mozu-ios-sdk (from `../`)
  - Specta

EXTERNAL SOURCES:
  mozu-ios-sdk:
    :path: ../

SPEC CHECKSUMS:
  CocoaLumberjack: 17fe8581f84914d5d7e6360f7c70022b173c3ae0
  Expecta: e1c022fcd33910b6be89c291d2775b3fe27a89fe
  JSONModel: 12523685c4b623553ccf844bbbf7007624317b2c
  mozu-ios-sdk: 823e2bb0699665c5c8b8802a8b5842e22e997fd8
  Specta: ac94d110b865115fe60ff2c6d7281053c6f8e8a2

COCOAPODS: 0.39.0
