PODS:
  - JSONModel (0.11.0)
  - mozu-ios-sdk (0.1.0):
    - JSONModel

DEPENDENCIES:
  - mozu-ios-sdk (from `../`)

EXTERNAL SOURCES:
  mozu-ios-sdk:
    :path: ../

SPEC CHECKSUMS:
  JSONModel: a5f2eb85c46df008a67569447ec408d1040d4bf4
  mozu-ios-sdk: 6f7f97afd08e8684e1247040c26cf7961f0d82cb

COCOAPODS: 0.29.0
