PODS:
  - CocoaLumberjack (2.0.0):
    - CocoaLumberjack/Default (= 2.0.0)
    - CocoaLumberjack/Extensions (= 2.0.0)
  - CocoaLumberjack/Core (2.0.0)
  - CocoaLumberjack/Default (2.0.0):
    - CocoaLumberjack/Core
  - CocoaLumberjack/Extensions (2.0.0):
    - CocoaLumberjack/Default
  - JSONModel (1.0.2)
  - mozu-ios-sdk (1.13.14325.0):
    - CocoaLumberjack
    - JSONModel
    - mozu-ios-sdk/Cache (= 1.13.14325.0)
    - mozu-ios-sdk/Clients (= 1.13.14325.0)
    - mozu-ios-sdk/Contracts (= 1.13.14325.0)
    - mozu-ios-sdk/Resources (= 1.13.14325.0)
    - mozu-ios-sdk/Security (= 1.13.14325.0)
    - mozu-ios-sdk/Urls (= 1.13.14325.0)
    - mozu-ios-sdk/Utilities (= 1.13.14325.0)
  - mozu-ios-sdk/Cache (1.13.14325.0):
    - CocoaLumberjack
    - JSONModel
  - mozu-ios-sdk/Clients (1.13.14325.0):
    - CocoaLumberjack
    - JSONModel
  - mozu-ios-sdk/Contracts (1.13.14325.0):
    - CocoaLumberjack
    - JSONModel
  - mozu-ios-sdk/Resources (1.13.14325.0):
    - CocoaLumberjack
    - JSONModel
  - mozu-ios-sdk/Security (1.13.14325.0):
    - CocoaLumberjack
    - JSONModel
  - mozu-ios-sdk/Urls (1.13.14325.0):
    - CocoaLumberjack
    - JSONModel
  - mozu-ios-sdk/Utilities (1.13.14325.0):
    - CocoaLumberjack
    - JSONModel

DEPENDENCIES:
  - mozu-ios-sdk (from `https://github.com/Mozu/mozu-ios-sdk.git`)

EXTERNAL SOURCES:
  mozu-ios-sdk:
    :git: https://github.com/Mozu/mozu-ios-sdk.git

CHECKOUT OPTIONS:
  mozu-ios-sdk:
    :commit: dd1fd2811bf30a71a3425cd3ac277bd4b6be8a5f
    :git: https://github.com/Mozu/mozu-ios-sdk.git

SPEC CHECKSUMS:
  CocoaLumberjack: fd2b1031c6c4e0f08b5ea928ef677fa0a5de517d
  JSONModel: cbdef0fdff1cc70e913a860861d3072860efd3a1
  mozu-ios-sdk: b151b3deee831a4c86b6782b6d80d64048f4bd5b

COCOAPODS: 0.35.0
