PODS:
  - CocoaLumberjack (2.0.0-beta4):
    - CocoaLumberjack/Default
    - CocoaLumberjack/Extensions
  - CocoaLumberjack/Core (2.0.0-beta4)
  - CocoaLumberjack/Default (2.0.0-beta4):
    - CocoaLumberjack/Core
  - CocoaLumberjack/Extensions (2.0.0-beta4):
    - CocoaLumberjack/Default
  - JSONModel (1.0.1)
  - mozu-ios-sdk (1.7.0):
    - CocoaLumberjack
    - JSONModel
    - mozu-ios-sdk/Cache
    - mozu-ios-sdk/Clients
    - mozu-ios-sdk/Contracts
    - mozu-ios-sdk/Resources
    - mozu-ios-sdk/Security
    - mozu-ios-sdk/Urls
    - mozu-ios-sdk/Utilities
  - mozu-ios-sdk/Cache (1.7.0):
    - CocoaLumberjack
    - JSONModel
  - mozu-ios-sdk/Clients (1.7.0):
    - CocoaLumberjack
    - JSONModel
  - mozu-ios-sdk/Contracts (1.7.0):
    - CocoaLumberjack
    - JSONModel
  - mozu-ios-sdk/Resources (1.7.0):
    - CocoaLumberjack
    - JSONModel
  - mozu-ios-sdk/Security (1.7.0):
    - CocoaLumberjack
    - JSONModel
  - mozu-ios-sdk/Urls (1.7.0):
    - CocoaLumberjack
    - JSONModel
  - mozu-ios-sdk/Utilities (1.7.0):
    - CocoaLumberjack
    - JSONModel

DEPENDENCIES:
  - mozu-ios-sdk (from `../`)

EXTERNAL SOURCES:
  mozu-ios-sdk:
    :path: ../

SPEC CHECKSUMS:
  CocoaLumberjack: 24153b24b17d853d7182b22b128971fb98e8cb18
  JSONModel: 634100aaacbd89811bc8a03da209356e5989c569
  mozu-ios-sdk: 51ce4f44eef7928d1977dd523c9b79f79daaba71

COCOAPODS: 0.34.4
