// !$*UTF8*$!
{
	archiveVersion = 1;
	classes = {
	};
	objectVersion = 46;
	objects = {

/* Begin PBXBuildFile section */
		642B6CB4183EBDA30056B2B3 /* MOZUApiContext.h in Headers */ = {isa = PBXBuildFile; fileRef = 642B6CAC183EBDA30056B2B3 /* MOZUApiContext.h */; };
		642B6CB5183EBDA30056B2B3 /* MOZUApiContext.m in Sources */ = {isa = PBXBuildFile; fileRef = 642B6CAD183EBDA30056B2B3 /* MOZUApiContext.m */; };
		642B6CB6183EBDA30056B2B3 /* MOZUApiError.h in Headers */ = {isa = PBXBuildFile; fileRef = 642B6CAE183EBDA30056B2B3 /* MOZUApiError.h */; };
		642B6CB7183EBDA30056B2B3 /* MOZUApiError.m in Sources */ = {isa = PBXBuildFile; fileRef = 642B6CAF183EBDA30056B2B3 /* MOZUApiError.m */; };
		642B6CB8183EBDA30056B2B3 /* MOZUClient.h in Headers */ = {isa = PBXBuildFile; fileRef = 642B6CB0183EBDA30056B2B3 /* MOZUClient.h */; };
		642B6CB9183EBDA30056B2B3 /* MOZUClient.m in Sources */ = {isa = PBXBuildFile; fileRef = 642B6CB1183EBDA30056B2B3 /* MOZUClient.m */; };
		642B6CBA183EBDA30056B2B3 /* MOZUHeaders.h in Headers */ = {isa = PBXBuildFile; fileRef = 642B6CB2183EBDA30056B2B3 /* MOZUHeaders.h */; };
		642B6CBB183EBDA30056B2B3 /* MOZUHeaders.m in Sources */ = {isa = PBXBuildFile; fileRef = 642B6CB3183EBDA30056B2B3 /* MOZUHeaders.m */; };
		642B6CBE183FD4550056B2B3 /* MOZUResponseHelper.h in Headers */ = {isa = PBXBuildFile; fileRef = 642B6CBC183FD4550056B2B3 /* MOZUResponseHelper.h */; };
		642B6CBF183FD4550056B2B3 /* MOZUResponseHelper.m in Sources */ = {isa = PBXBuildFile; fileRef = 642B6CBD183FD4550056B2B3 /* MOZUResponseHelper.m */; };
		642B6CC2183FF3FF0056B2B3 /* MOZUAuthTicketRequest.h in Headers */ = {isa = PBXBuildFile; fileRef = 642B6CC0183FF3FF0056B2B3 /* MOZUAuthTicketRequest.h */; };
		642B6CC3183FF3FF0056B2B3 /* MOZUAuthTicketRequest.m in Sources */ = {isa = PBXBuildFile; fileRef = 642B6CC1183FF3FF0056B2B3 /* MOZUAuthTicketRequest.m */; };
		643D254B183C1C4500B24AA4 /* MOZUCacheItem.h in Headers */ = {isa = PBXBuildFile; fileRef = 643D2549183C1C4500B24AA4 /* MOZUCacheItem.h */; };
		643D254C183C1C4500B24AA4 /* MOZUCacheItem.m in Sources */ = {isa = PBXBuildFile; fileRef = 643D254A183C1C4500B24AA4 /* MOZUCacheItem.m */; };
		643D254F183C1F1A00B24AA4 /* MOZUCacheManager.h in Headers */ = {isa = PBXBuildFile; fileRef = 643D254D183C1F1A00B24AA4 /* MOZUCacheManager.h */; };
		643D2550183C1F1A00B24AA4 /* MOZUCacheManager.m in Sources */ = {isa = PBXBuildFile; fileRef = 643D254E183C1F1A00B24AA4 /* MOZUCacheManager.m */; };
		643D2554183C33EF00B24AA4 /* Base64.h in Headers */ = {isa = PBXBuildFile; fileRef = 643D2552183C33EF00B24AA4 /* Base64.h */; };
		643D2555183C33EF00B24AA4 /* Base64.m in Sources */ = {isa = PBXBuildFile; fileRef = 643D2553183C33EF00B24AA4 /* Base64.m */; };
		643D2564183D151A00B24AA4 /* MOZUCrypto.h in Headers */ = {isa = PBXBuildFile; fileRef = 643D2562183D151A00B24AA4 /* MOZUCrypto.h */; };
		643D2565183D151A00B24AA4 /* MOZUCrypto.m in Sources */ = {isa = PBXBuildFile; fileRef = 643D2563183D151A00B24AA4 /* MOZUCrypto.m */; };
		643D2569183D4F8300B24AA4 /* NSString+SHA256.h in Headers */ = {isa = PBXBuildFile; fileRef = 643D2567183D4F8300B24AA4 /* NSString+SHA256.h */; };
		643D256A183D4F8300B24AA4 /* NSString+SHA256.m in Sources */ = {isa = PBXBuildFile; fileRef = 643D2568183D4F8300B24AA4 /* NSString+SHA256.m */; };
		643D256D183D585A00B24AA4 /* MOZURefreshInterval.h in Headers */ = {isa = PBXBuildFile; fileRef = 643D256B183D585A00B24AA4 /* MOZURefreshInterval.h */; };
		643D256E183D585A00B24AA4 /* MOZURefreshInterval.m in Sources */ = {isa = PBXBuildFile; fileRef = 643D256C183D585A00B24AA4 /* MOZURefreshInterval.m */; };
		643D2571183D700A00B24AA4 /* MOZUURL.h in Headers */ = {isa = PBXBuildFile; fileRef = 643D256F183D700A00B24AA4 /* MOZUURL.h */; };
		643D2572183D700A00B24AA4 /* MOZUURL.m in Sources */ = {isa = PBXBuildFile; fileRef = 643D2570183D700A00B24AA4 /* MOZUURL.m */; };
		64477A11183E8E3E00ACD5B9 /* MOZUUserAuthenticator.h in Headers */ = {isa = PBXBuildFile; fileRef = 64477A0F183E8E3E00ACD5B9 /* MOZUUserAuthenticator.h */; };
		64477A12183E8E3E00ACD5B9 /* MOZUUserAuthenticator.m in Sources */ = {isa = PBXBuildFile; fileRef = 64477A10183E8E3E00ACD5B9 /* MOZUUserAuthenticator.m */; };
		64767DDC18425523000E8CD7 /* MOZUTenantUrl.h in Headers */ = {isa = PBXBuildFile; fileRef = 64767DDA18425523000E8CD7 /* MOZUTenantUrl.h */; };
		64767DDD18425523000E8CD7 /* MOZUTenantUrl.m in Sources */ = {isa = PBXBuildFile; fileRef = 64767DDB18425523000E8CD7 /* MOZUTenantUrl.m */; };
		6480881918429D4F000E3999 /* MOZUSite.h in Headers */ = {isa = PBXBuildFile; fileRef = 6480881718429D4F000E3999 /* MOZUSite.h */; };
		6480881A18429D4F000E3999 /* MOZUSite.m in Sources */ = {isa = PBXBuildFile; fileRef = 6480881818429D4F000E3999 /* MOZUSite.m */; };
		6480881D18429FD2000E3999 /* MOZUCatalog.h in Headers */ = {isa = PBXBuildFile; fileRef = 6480881B18429FD2000E3999 /* MOZUCatalog.h */; };
		6480881E18429FD2000E3999 /* MOZUCatalog.m in Sources */ = {isa = PBXBuildFile; fileRef = 6480881C18429FD2000E3999 /* MOZUCatalog.m */; };
		648088211842A145000E3999 /* MOZUMasterCatalog.h in Headers */ = {isa = PBXBuildFile; fileRef = 6480881F1842A145000E3999 /* MOZUMasterCatalog.h */; };
		648088221842A145000E3999 /* MOZUMasterCatalog.m in Sources */ = {isa = PBXBuildFile; fileRef = 648088201842A145000E3999 /* MOZUMasterCatalog.m */; };
		648088251842A2C6000E3999 /* MOZUTenant.h in Headers */ = {isa = PBXBuildFile; fileRef = 648088231842A2C6000E3999 /* MOZUTenant.h */; };
		648088261842A2C6000E3999 /* MOZUTenant.m in Sources */ = {isa = PBXBuildFile; fileRef = 648088241842A2C6000E3999 /* MOZUTenant.m */; };
		6485B4BB18450BB5009D3723 /* MOZUTenantResource.h in Headers */ = {isa = PBXBuildFile; fileRef = 6485B4B918450BB5009D3723 /* MOZUTenantResource.h */; };
		6485B4BC18450BB5009D3723 /* MOZUTenantResource.m in Sources */ = {isa = PBXBuildFile; fileRef = 6485B4BA18450BB5009D3723 /* MOZUTenantResource.m */; };
		6488CE7518242F180065D016 /* JSONValueTransformer+NSDate.h in Headers */ = {isa = PBXBuildFile; fileRef = 6488CE7318242F180065D016 /* JSONValueTransformer+NSDate.h */; };
		6488CE7618242F180065D016 /* JSONValueTransformer+NSDate.m in Sources */ = {isa = PBXBuildFile; fileRef = 6488CE7418242F180065D016 /* JSONValueTransformer+NSDate.m */; };
		6491153218201CA9003A8824 /* Cocoa.framework in Frameworks */ = {isa = PBXBuildFile; fileRef = 6491153118201CA9003A8824 /* Cocoa.framework */; };
		6491153C18201CA9003A8824 /* InfoPlist.strings in Resources */ = {isa = PBXBuildFile; fileRef = 6491153A18201CA9003A8824 /* InfoPlist.strings */; };
		6491154718201CA9003A8824 /* XCTest.framework in Frameworks */ = {isa = PBXBuildFile; fileRef = 6491154618201CA9003A8824 /* XCTest.framework */; };
		6491154818201CA9003A8824 /* Cocoa.framework in Frameworks */ = {isa = PBXBuildFile; fileRef = 6491153118201CA9003A8824 /* Cocoa.framework */; };
		6491154B18201CA9003A8824 /* MozuApi.framework in Frameworks */ = {isa = PBXBuildFile; fileRef = 6491152E18201CA9003A8824 /* MozuApi.framework */; };
		6491155118201CA9003A8824 /* InfoPlist.strings in Resources */ = {isa = PBXBuildFile; fileRef = 6491154F18201CA9003A8824 /* InfoPlist.strings */; };
		6491155318201CA9003A8824 /* MozuApiTests.m in Sources */ = {isa = PBXBuildFile; fileRef = 6491155218201CA9003A8824 /* MozuApiTests.m */; };
		6491156118201D56003A8824 /* MOZUAppAuthInfo.h in Headers */ = {isa = PBXBuildFile; fileRef = 6491155E18201D56003A8824 /* MOZUAppAuthInfo.h */; };
		6491156218201D56003A8824 /* MOZUAppAuthInfo.m in Sources */ = {isa = PBXBuildFile; fileRef = 6491155F18201D56003A8824 /* MOZUAppAuthInfo.m */; };
		6491156318201D56003A8824 /* MOZUAuthTicket.m in Sources */ = {isa = PBXBuildFile; fileRef = 6491156018201D56003A8824 /* MOZUAuthTicket.m */; };
		6491157E18201D69003A8824 /* JSONModel.h in Headers */ = {isa = PBXBuildFile; fileRef = 6491156618201D69003A8824 /* JSONModel.h */; };
		6491157F18201D69003A8824 /* JSONModel.m in Sources */ = {isa = PBXBuildFile; fileRef = 6491156718201D69003A8824 /* JSONModel.m */; };
		6491158018201D69003A8824 /* JSONModelArray.h in Headers */ = {isa = PBXBuildFile; fileRef = 6491156818201D69003A8824 /* JSONModelArray.h */; };
		6491158118201D69003A8824 /* JSONModelArray.m in Sources */ = {isa = PBXBuildFile; fileRef = 6491156918201D69003A8824 /* JSONModelArray.m */; };
		6491158218201D69003A8824 /* JSONModelClassProperty.h in Headers */ = {isa = PBXBuildFile; fileRef = 6491156A18201D69003A8824 /* JSONModelClassProperty.h */; };
		6491158318201D69003A8824 /* JSONModelClassProperty.m in Sources */ = {isa = PBXBuildFile; fileRef = 6491156B18201D69003A8824 /* JSONModelClassProperty.m */; };
		6491158418201D69003A8824 /* JSONModelError.h in Headers */ = {isa = PBXBuildFile; fileRef = 6491156C18201D69003A8824 /* JSONModelError.h */; };
		6491158518201D69003A8824 /* JSONModelError.m in Sources */ = {isa = PBXBuildFile; fileRef = 6491156D18201D69003A8824 /* JSONModelError.m */; };
		6491158618201D69003A8824 /* NSArray+JSONModel.h in Headers */ = {isa = PBXBuildFile; fileRef = 6491156F18201D69003A8824 /* NSArray+JSONModel.h */; };
		6491158718201D69003A8824 /* NSArray+JSONModel.m in Sources */ = {isa = PBXBuildFile; fileRef = 6491157018201D69003A8824 /* NSArray+JSONModel.m */; };
		6491158818201D69003A8824 /* JSONModelLib.h in Headers */ = {isa = PBXBuildFile; fileRef = 6491157118201D69003A8824 /* JSONModelLib.h */; };
		6491158918201D69003A8824 /* JSONAPI.h in Headers */ = {isa = PBXBuildFile; fileRef = 6491157318201D69003A8824 /* JSONAPI.h */; };
		6491158A18201D69003A8824 /* JSONAPI.m in Sources */ = {isa = PBXBuildFile; fileRef = 6491157418201D69003A8824 /* JSONAPI.m */; };
		6491158B18201D69003A8824 /* JSONHTTPClient.h in Headers */ = {isa = PBXBuildFile; fileRef = 6491157518201D69003A8824 /* JSONHTTPClient.h */; };
		6491158C18201D69003A8824 /* JSONHTTPClient.m in Sources */ = {isa = PBXBuildFile; fileRef = 6491157618201D69003A8824 /* JSONHTTPClient.m */; };
		6491158D18201D69003A8824 /* JSONModel+networking.h in Headers */ = {isa = PBXBuildFile; fileRef = 6491157718201D69003A8824 /* JSONModel+networking.h */; };
		6491158E18201D69003A8824 /* JSONModel+networking.m in Sources */ = {isa = PBXBuildFile; fileRef = 6491157818201D69003A8824 /* JSONModel+networking.m */; };
		6491158F18201D69003A8824 /* JSONKeyMapper.h in Headers */ = {isa = PBXBuildFile; fileRef = 6491157A18201D69003A8824 /* JSONKeyMapper.h */; };
		6491159018201D69003A8824 /* JSONKeyMapper.m in Sources */ = {isa = PBXBuildFile; fileRef = 6491157B18201D69003A8824 /* JSONKeyMapper.m */; };
		6491159118201D69003A8824 /* JSONValueTransformer.h in Headers */ = {isa = PBXBuildFile; fileRef = 6491157C18201D69003A8824 /* JSONValueTransformer.h */; };
		6491159218201D69003A8824 /* JSONValueTransformer.m in Sources */ = {isa = PBXBuildFile; fileRef = 6491157D18201D69003A8824 /* JSONValueTransformer.m */; };
		6491159718201D8A003A8824 /* MOZUAppAuthenticator.h in Headers */ = {isa = PBXBuildFile; fileRef = 6491159418201D8A003A8824 /* MOZUAppAuthenticator.h */; };
		6491159818201D8A003A8824 /* MOZUAppAuthenticator.m in Sources */ = {isa = PBXBuildFile; fileRef = 6491159518201D8A003A8824 /* MOZUAppAuthenticator.m */; };
		6491159918201D8A003A8824 /* MOZUAuthTicket.h in Headers */ = {isa = PBXBuildFile; fileRef = 6491159618201D8A003A8824 /* MOZUAuthTicket.h */; };
		64AE485218298334006DD91F /* MOZUApiErrorTests.m in Sources */ = {isa = PBXBuildFile; fileRef = 64AE485118298334006DD91F /* MOZUApiErrorTests.m */; };
		64CE40FE1843F5EC002E77EF /* MOZUTenantClient.h in Headers */ = {isa = PBXBuildFile; fileRef = 64CE40FC1843F5EC002E77EF /* MOZUTenantClient.h */; };
		64CE40FF1843F5EC002E77EF /* MOZUTenantClient.m in Sources */ = {isa = PBXBuildFile; fileRef = 64CE40FD1843F5EC002E77EF /* MOZUTenantClient.m */; };
/* End PBXBuildFile section */

/* Begin PBXContainerItemProxy section */
		6491154918201CA9003A8824 /* PBXContainerItemProxy */ = {
			isa = PBXContainerItemProxy;
			containerPortal = 6491152518201CA9003A8824 /* Project object */;
			proxyType = 1;
			remoteGlobalIDString = 6491152D18201CA9003A8824;
			remoteInfo = MozuApi;
		};
/* End PBXContainerItemProxy section */

/* Begin PBXFileReference section */
		642B6CAC183EBDA30056B2B3 /* MOZUApiContext.h */ = {isa = PBXFileReference; fileEncoding = 4; lastKnownFileType = sourcecode.c.h; path = MOZUApiContext.h; sourceTree = "<group>"; };
		642B6CAD183EBDA30056B2B3 /* MOZUApiContext.m */ = {isa = PBXFileReference; fileEncoding = 4; lastKnownFileType = sourcecode.c.objc; path = MOZUApiContext.m; sourceTree = "<group>"; };
		642B6CAE183EBDA30056B2B3 /* MOZUApiError.h */ = {isa = PBXFileReference; fileEncoding = 4; lastKnownFileType = sourcecode.c.h; path = MOZUApiError.h; sourceTree = "<group>"; };
		642B6CAF183EBDA30056B2B3 /* MOZUApiError.m */ = {isa = PBXFileReference; fileEncoding = 4; lastKnownFileType = sourcecode.c.objc; path = MOZUApiError.m; sourceTree = "<group>"; };
		642B6CB0183EBDA30056B2B3 /* MOZUClient.h */ = {isa = PBXFileReference; fileEncoding = 4; lastKnownFileType = sourcecode.c.h; path = MOZUClient.h; sourceTree = "<group>"; };
		642B6CB1183EBDA30056B2B3 /* MOZUClient.m */ = {isa = PBXFileReference; fileEncoding = 4; lastKnownFileType = sourcecode.c.objc; path = MOZUClient.m; sourceTree = "<group>"; };
		642B6CB2183EBDA30056B2B3 /* MOZUHeaders.h */ = {isa = PBXFileReference; fileEncoding = 4; lastKnownFileType = sourcecode.c.h; path = MOZUHeaders.h; sourceTree = "<group>"; };
		642B6CB3183EBDA30056B2B3 /* MOZUHeaders.m */ = {isa = PBXFileReference; fileEncoding = 4; lastKnownFileType = sourcecode.c.objc; path = MOZUHeaders.m; sourceTree = "<group>"; };
		642B6CBC183FD4550056B2B3 /* MOZUResponseHelper.h */ = {isa = PBXFileReference; fileEncoding = 4; lastKnownFileType = sourcecode.c.h; name = MOZUResponseHelper.h; path = Utilities/MOZUResponseHelper.h; sourceTree = "<group>"; };
		642B6CBD183FD4550056B2B3 /* MOZUResponseHelper.m */ = {isa = PBXFileReference; fileEncoding = 4; lastKnownFileType = sourcecode.c.objc; name = MOZUResponseHelper.m; path = Utilities/MOZUResponseHelper.m; sourceTree = "<group>"; };
		642B6CC0183FF3FF0056B2B3 /* MOZUAuthTicketRequest.h */ = {isa = PBXFileReference; fileEncoding = 4; lastKnownFileType = sourcecode.c.h; path = MOZUAuthTicketRequest.h; sourceTree = "<group>"; };
		642B6CC1183FF3FF0056B2B3 /* MOZUAuthTicketRequest.m */ = {isa = PBXFileReference; fileEncoding = 4; lastKnownFileType = sourcecode.c.objc; path = MOZUAuthTicketRequest.m; sourceTree = "<group>"; };
		643D2549183C1C4500B24AA4 /* MOZUCacheItem.h */ = {isa = PBXFileReference; fileEncoding = 4; lastKnownFileType = sourcecode.c.h; name = MOZUCacheItem.h; path = Cache/MOZUCacheItem.h; sourceTree = "<group>"; };
		643D254A183C1C4500B24AA4 /* MOZUCacheItem.m */ = {isa = PBXFileReference; fileEncoding = 4; lastKnownFileType = sourcecode.c.objc; name = MOZUCacheItem.m; path = Cache/MOZUCacheItem.m; sourceTree = "<group>"; };
		643D254D183C1F1A00B24AA4 /* MOZUCacheManager.h */ = {isa = PBXFileReference; fileEncoding = 4; lastKnownFileType = sourcecode.c.h; name = MOZUCacheManager.h; path = Cache/MOZUCacheManager.h; sourceTree = "<group>"; };
		643D254E183C1F1A00B24AA4 /* MOZUCacheManager.m */ = {isa = PBXFileReference; fileEncoding = 4; lastKnownFileType = sourcecode.c.objc; name = MOZUCacheManager.m; path = Cache/MOZUCacheManager.m; sourceTree = "<group>"; };
		643D2552183C33EF00B24AA4 /* Base64.h */ = {isa = PBXFileReference; fileEncoding = 4; lastKnownFileType = sourcecode.c.h; name = Base64.h; path = Utilities/Base64.h; sourceTree = "<group>"; };
		643D2553183C33EF00B24AA4 /* Base64.m */ = {isa = PBXFileReference; fileEncoding = 4; lastKnownFileType = sourcecode.c.objc; name = Base64.m; path = Utilities/Base64.m; sourceTree = "<group>"; };
		643D2562183D151A00B24AA4 /* MOZUCrypto.h */ = {isa = PBXFileReference; fileEncoding = 4; lastKnownFileType = sourcecode.c.h; path = MOZUCrypto.h; sourceTree = "<group>"; };
		643D2563183D151A00B24AA4 /* MOZUCrypto.m */ = {isa = PBXFileReference; fileEncoding = 4; lastKnownFileType = sourcecode.c.objc; path = MOZUCrypto.m; sourceTree = "<group>"; };
		643D2567183D4F8300B24AA4 /* NSString+SHA256.h */ = {isa = PBXFileReference; fileEncoding = 4; lastKnownFileType = sourcecode.c.h; name = "NSString+SHA256.h"; path = "Utilities/NSString+SHA256.h"; sourceTree = "<group>"; };
		643D2568183D4F8300B24AA4 /* NSString+SHA256.m */ = {isa = PBXFileReference; fileEncoding = 4; lastKnownFileType = sourcecode.c.objc; name = "NSString+SHA256.m"; path = "Utilities/NSString+SHA256.m"; sourceTree = "<group>"; };
		643D256B183D585A00B24AA4 /* MOZURefreshInterval.h */ = {isa = PBXFileReference; fileEncoding = 4; lastKnownFileType = sourcecode.c.h; path = MOZURefreshInterval.h; sourceTree = "<group>"; };
		643D256C183D585A00B24AA4 /* MOZURefreshInterval.m */ = {isa = PBXFileReference; fileEncoding = 4; lastKnownFileType = sourcecode.c.objc; path = MOZURefreshInterval.m; sourceTree = "<group>"; };
		643D256F183D700A00B24AA4 /* MOZUURL.h */ = {isa = PBXFileReference; fileEncoding = 4; lastKnownFileType = sourcecode.c.h; path = MOZUURL.h; sourceTree = "<group>"; };
		643D2570183D700A00B24AA4 /* MOZUURL.m */ = {isa = PBXFileReference; fileEncoding = 4; lastKnownFileType = sourcecode.c.objc; path = MOZUURL.m; sourceTree = "<group>"; };
		64477A0F183E8E3E00ACD5B9 /* MOZUUserAuthenticator.h */ = {isa = PBXFileReference; fileEncoding = 4; lastKnownFileType = sourcecode.c.h; path = MOZUUserAuthenticator.h; sourceTree = "<group>"; };
		64477A10183E8E3E00ACD5B9 /* MOZUUserAuthenticator.m */ = {isa = PBXFileReference; fileEncoding = 4; lastKnownFileType = sourcecode.c.objc; path = MOZUUserAuthenticator.m; sourceTree = "<group>"; };
		64767DDA18425523000E8CD7 /* MOZUTenantUrl.h */ = {isa = PBXFileReference; fileEncoding = 4; lastKnownFileType = sourcecode.c.h; name = MOZUTenantUrl.h; path = Urls/Platform/MOZUTenantUrl.h; sourceTree = SOURCE_ROOT; };
		64767DDB18425523000E8CD7 /* MOZUTenantUrl.m */ = {isa = PBXFileReference; fileEncoding = 4; lastKnownFileType = sourcecode.c.objc; name = MOZUTenantUrl.m; path = Urls/Platform/MOZUTenantUrl.m; sourceTree = SOURCE_ROOT; };
		6480881718429D4F000E3999 /* MOZUSite.h */ = {isa = PBXFileReference; fileEncoding = 4; lastKnownFileType = sourcecode.c.h; name = MOZUSite.h; path = Tenant/MOZUSite.h; sourceTree = "<group>"; };
		6480881818429D4F000E3999 /* MOZUSite.m */ = {isa = PBXFileReference; fileEncoding = 4; lastKnownFileType = sourcecode.c.objc; name = MOZUSite.m; path = Tenant/MOZUSite.m; sourceTree = "<group>"; };
		6480881B18429FD2000E3999 /* MOZUCatalog.h */ = {isa = PBXFileReference; fileEncoding = 4; lastKnownFileType = sourcecode.c.h; name = MOZUCatalog.h; path = Tenant/MOZUCatalog.h; sourceTree = "<group>"; };
		6480881C18429FD2000E3999 /* MOZUCatalog.m */ = {isa = PBXFileReference; fileEncoding = 4; lastKnownFileType = sourcecode.c.objc; name = MOZUCatalog.m; path = Tenant/MOZUCatalog.m; sourceTree = "<group>"; };
		6480881F1842A145000E3999 /* MOZUMasterCatalog.h */ = {isa = PBXFileReference; fileEncoding = 4; lastKnownFileType = sourcecode.c.h; name = MOZUMasterCatalog.h; path = Tenant/MOZUMasterCatalog.h; sourceTree = "<group>"; };
		648088201842A145000E3999 /* MOZUMasterCatalog.m */ = {isa = PBXFileReference; fileEncoding = 4; lastKnownFileType = sourcecode.c.objc; name = MOZUMasterCatalog.m; path = Tenant/MOZUMasterCatalog.m; sourceTree = "<group>"; };
		648088231842A2C6000E3999 /* MOZUTenant.h */ = {isa = PBXFileReference; fileEncoding = 4; lastKnownFileType = sourcecode.c.h; name = MOZUTenant.h; path = Tenant/MOZUTenant.h; sourceTree = "<group>"; };
		648088241842A2C6000E3999 /* MOZUTenant.m */ = {isa = PBXFileReference; fileEncoding = 4; lastKnownFileType = sourcecode.c.objc; name = MOZUTenant.m; path = Tenant/MOZUTenant.m; sourceTree = "<group>"; };
		6485B4B918450BB5009D3723 /* MOZUTenantResource.h */ = {isa = PBXFileReference; fileEncoding = 4; lastKnownFileType = sourcecode.c.h; name = MOZUTenantResource.h; path = Resources/Platform/MOZUTenantResource.h; sourceTree = SOURCE_ROOT; };
		6485B4BA18450BB5009D3723 /* MOZUTenantResource.m */ = {isa = PBXFileReference; fileEncoding = 4; lastKnownFileType = sourcecode.c.objc; name = MOZUTenantResource.m; path = Resources/Platform/MOZUTenantResource.m; sourceTree = SOURCE_ROOT; };
		6488CE7318242F180065D016 /* JSONValueTransformer+NSDate.h */ = {isa = PBXFileReference; fileEncoding = 4; lastKnownFileType = sourcecode.c.h; path = "JSONValueTransformer+NSDate.h"; sourceTree = "<group>"; };
		6488CE7418242F180065D016 /* JSONValueTransformer+NSDate.m */ = {isa = PBXFileReference; fileEncoding = 4; lastKnownFileType = sourcecode.c.objc; path = "JSONValueTransformer+NSDate.m"; sourceTree = "<group>"; };
		6491152E18201CA9003A8824 /* MozuApi.framework */ = {isa = PBXFileReference; explicitFileType = wrapper.framework; includeInIndex = 0; path = MozuApi.framework; sourceTree = BUILT_PRODUCTS_DIR; };
		6491153118201CA9003A8824 /* Cocoa.framework */ = {isa = PBXFileReference; lastKnownFileType = wrapper.framework; name = Cocoa.framework; path = System/Library/Frameworks/Cocoa.framework; sourceTree = SDKROOT; };
		6491153418201CA9003A8824 /* Foundation.framework */ = {isa = PBXFileReference; lastKnownFileType = wrapper.framework; name = Foundation.framework; path = System/Library/Frameworks/Foundation.framework; sourceTree = SDKROOT; };
		6491153518201CA9003A8824 /* CoreData.framework */ = {isa = PBXFileReference; lastKnownFileType = wrapper.framework; name = CoreData.framework; path = System/Library/Frameworks/CoreData.framework; sourceTree = SDKROOT; };
		6491153618201CA9003A8824 /* AppKit.framework */ = {isa = PBXFileReference; lastKnownFileType = wrapper.framework; name = AppKit.framework; path = System/Library/Frameworks/AppKit.framework; sourceTree = SDKROOT; };
		6491153918201CA9003A8824 /* MozuApi-Info.plist */ = {isa = PBXFileReference; lastKnownFileType = text.plist.xml; path = "MozuApi-Info.plist"; sourceTree = "<group>"; };
		6491153B18201CA9003A8824 /* en */ = {isa = PBXFileReference; lastKnownFileType = text.plist.strings; name = en; path = en.lproj/InfoPlist.strings; sourceTree = "<group>"; };
		6491153D18201CA9003A8824 /* MozuApi-Prefix.pch */ = {isa = PBXFileReference; lastKnownFileType = sourcecode.c.h; path = "MozuApi-Prefix.pch"; sourceTree = "<group>"; };
		6491154518201CA9003A8824 /* MozuApiTests.xctest */ = {isa = PBXFileReference; explicitFileType = wrapper.cfbundle; includeInIndex = 0; path = MozuApiTests.xctest; sourceTree = BUILT_PRODUCTS_DIR; };
		6491154618201CA9003A8824 /* XCTest.framework */ = {isa = PBXFileReference; lastKnownFileType = wrapper.framework; name = XCTest.framework; path = Library/Frameworks/XCTest.framework; sourceTree = DEVELOPER_DIR; };
		6491154E18201CA9003A8824 /* MozuApiTests-Info.plist */ = {isa = PBXFileReference; lastKnownFileType = text.plist.xml; path = "MozuApiTests-Info.plist"; sourceTree = "<group>"; };
		6491155018201CA9003A8824 /* en */ = {isa = PBXFileReference; lastKnownFileType = text.plist.strings; name = en; path = en.lproj/InfoPlist.strings; sourceTree = "<group>"; };
		6491155218201CA9003A8824 /* MozuApiTests.m */ = {isa = PBXFileReference; lastKnownFileType = sourcecode.c.objc; path = MozuApiTests.m; sourceTree = "<group>"; };
		6491155E18201D56003A8824 /* MOZUAppAuthInfo.h */ = {isa = PBXFileReference; fileEncoding = 4; lastKnownFileType = sourcecode.c.h; path = MOZUAppAuthInfo.h; sourceTree = "<group>"; };
		6491155F18201D56003A8824 /* MOZUAppAuthInfo.m */ = {isa = PBXFileReference; fileEncoding = 4; lastKnownFileType = sourcecode.c.objc; path = MOZUAppAuthInfo.m; sourceTree = "<group>"; };
		6491156018201D56003A8824 /* MOZUAuthTicket.m */ = {isa = PBXFileReference; fileEncoding = 4; lastKnownFileType = sourcecode.c.objc; path = MOZUAuthTicket.m; sourceTree = "<group>"; };
		6491156618201D69003A8824 /* JSONModel.h */ = {isa = PBXFileReference; fileEncoding = 4; lastKnownFileType = sourcecode.c.h; path = JSONModel.h; sourceTree = "<group>"; };
		6491156718201D69003A8824 /* JSONModel.m */ = {isa = PBXFileReference; fileEncoding = 4; lastKnownFileType = sourcecode.c.objc; path = JSONModel.m; sourceTree = "<group>"; };
		6491156818201D69003A8824 /* JSONModelArray.h */ = {isa = PBXFileReference; fileEncoding = 4; lastKnownFileType = sourcecode.c.h; path = JSONModelArray.h; sourceTree = "<group>"; };
		6491156918201D69003A8824 /* JSONModelArray.m */ = {isa = PBXFileReference; fileEncoding = 4; lastKnownFileType = sourcecode.c.objc; path = JSONModelArray.m; sourceTree = "<group>"; };
		6491156A18201D69003A8824 /* JSONModelClassProperty.h */ = {isa = PBXFileReference; fileEncoding = 4; lastKnownFileType = sourcecode.c.h; path = JSONModelClassProperty.h; sourceTree = "<group>"; };
		6491156B18201D69003A8824 /* JSONModelClassProperty.m */ = {isa = PBXFileReference; fileEncoding = 4; lastKnownFileType = sourcecode.c.objc; path = JSONModelClassProperty.m; sourceTree = "<group>"; };
		6491156C18201D69003A8824 /* JSONModelError.h */ = {isa = PBXFileReference; fileEncoding = 4; lastKnownFileType = sourcecode.c.h; path = JSONModelError.h; sourceTree = "<group>"; };
		6491156D18201D69003A8824 /* JSONModelError.m */ = {isa = PBXFileReference; fileEncoding = 4; lastKnownFileType = sourcecode.c.objc; path = JSONModelError.m; sourceTree = "<group>"; };
		6491156F18201D69003A8824 /* NSArray+JSONModel.h */ = {isa = PBXFileReference; fileEncoding = 4; lastKnownFileType = sourcecode.c.h; path = "NSArray+JSONModel.h"; sourceTree = "<group>"; };
		6491157018201D69003A8824 /* NSArray+JSONModel.m */ = {isa = PBXFileReference; fileEncoding = 4; lastKnownFileType = sourcecode.c.objc; path = "NSArray+JSONModel.m"; sourceTree = "<group>"; };
		6491157118201D69003A8824 /* JSONModelLib.h */ = {isa = PBXFileReference; fileEncoding = 4; lastKnownFileType = sourcecode.c.h; path = JSONModelLib.h; sourceTree = "<group>"; };
		6491157318201D69003A8824 /* JSONAPI.h */ = {isa = PBXFileReference; fileEncoding = 4; lastKnownFileType = sourcecode.c.h; path = JSONAPI.h; sourceTree = "<group>"; };
		6491157418201D69003A8824 /* JSONAPI.m */ = {isa = PBXFileReference; fileEncoding = 4; lastKnownFileType = sourcecode.c.objc; path = JSONAPI.m; sourceTree = "<group>"; };
		6491157518201D69003A8824 /* JSONHTTPClient.h */ = {isa = PBXFileReference; fileEncoding = 4; lastKnownFileType = sourcecode.c.h; path = JSONHTTPClient.h; sourceTree = "<group>"; };
		6491157618201D69003A8824 /* JSONHTTPClient.m */ = {isa = PBXFileReference; fileEncoding = 4; lastKnownFileType = sourcecode.c.objc; path = JSONHTTPClient.m; sourceTree = "<group>"; };
		6491157718201D69003A8824 /* JSONModel+networking.h */ = {isa = PBXFileReference; fileEncoding = 4; lastKnownFileType = sourcecode.c.h; path = "JSONModel+networking.h"; sourceTree = "<group>"; };
		6491157818201D69003A8824 /* JSONModel+networking.m */ = {isa = PBXFileReference; fileEncoding = 4; lastKnownFileType = sourcecode.c.objc; path = "JSONModel+networking.m"; sourceTree = "<group>"; };
		6491157A18201D69003A8824 /* JSONKeyMapper.h */ = {isa = PBXFileReference; fileEncoding = 4; lastKnownFileType = sourcecode.c.h; path = JSONKeyMapper.h; sourceTree = "<group>"; };
		6491157B18201D69003A8824 /* JSONKeyMapper.m */ = {isa = PBXFileReference; fileEncoding = 4; lastKnownFileType = sourcecode.c.objc; path = JSONKeyMapper.m; sourceTree = "<group>"; };
		6491157C18201D69003A8824 /* JSONValueTransformer.h */ = {isa = PBXFileReference; fileEncoding = 4; lastKnownFileType = sourcecode.c.h; path = JSONValueTransformer.h; sourceTree = "<group>"; };
		6491157D18201D69003A8824 /* JSONValueTransformer.m */ = {isa = PBXFileReference; fileEncoding = 4; lastKnownFileType = sourcecode.c.objc; path = JSONValueTransformer.m; sourceTree = "<group>"; };
		6491159418201D8A003A8824 /* MOZUAppAuthenticator.h */ = {isa = PBXFileReference; fileEncoding = 4; lastKnownFileType = sourcecode.c.h; path = MOZUAppAuthenticator.h; sourceTree = "<group>"; };
		6491159518201D8A003A8824 /* MOZUAppAuthenticator.m */ = {isa = PBXFileReference; fileEncoding = 4; lastKnownFileType = sourcecode.c.objc; path = MOZUAppAuthenticator.m; sourceTree = "<group>"; };
		6491159618201D8A003A8824 /* MOZUAuthTicket.h */ = {isa = PBXFileReference; fileEncoding = 4; lastKnownFileType = sourcecode.c.h; name = MOZUAuthTicket.h; path = ../../Security/MOZUAuthTicket.h; sourceTree = "<group>"; };
		64AE485118298334006DD91F /* MOZUApiErrorTests.m */ = {isa = PBXFileReference; fileEncoding = 4; lastKnownFileType = sourcecode.c.objc; path = MOZUApiErrorTests.m; sourceTree = "<group>"; };
		64CE40FC1843F5EC002E77EF /* MOZUTenantClient.h */ = {isa = PBXFileReference; fileEncoding = 4; lastKnownFileType = sourcecode.c.h; name = MOZUTenantClient.h; path = Clients/Platform/MOZUTenantClient.h; sourceTree = SOURCE_ROOT; };
		64CE40FD1843F5EC002E77EF /* MOZUTenantClient.m */ = {isa = PBXFileReference; fileEncoding = 4; lastKnownFileType = sourcecode.c.objc; name = MOZUTenantClient.m; path = Clients/Platform/MOZUTenantClient.m; sourceTree = SOURCE_ROOT; };
/* End PBXFileReference section */

/* Begin PBXFrameworksBuildPhase section */
		6491152A18201CA9003A8824 /* Frameworks */ = {
			isa = PBXFrameworksBuildPhase;
			buildActionMask = 2147483647;
			files = (
				6491153218201CA9003A8824 /* Cocoa.framework in Frameworks */,
			);
			runOnlyForDeploymentPostprocessing = 0;
		};
		6491154218201CA9003A8824 /* Frameworks */ = {
			isa = PBXFrameworksBuildPhase;
			buildActionMask = 2147483647;
			files = (
				6491154B18201CA9003A8824 /* MozuApi.framework in Frameworks */,
				6491154818201CA9003A8824 /* Cocoa.framework in Frameworks */,
				6491154718201CA9003A8824 /* XCTest.framework in Frameworks */,
			);
			runOnlyForDeploymentPostprocessing = 0;
		};
/* End PBXFrameworksBuildPhase section */

/* Begin PBXGroup section */
		643D2548183C1BE200B24AA4 /* Cache */ = {
			isa = PBXGroup;
			children = (
				643D2549183C1C4500B24AA4 /* MOZUCacheItem.h */,
				643D254A183C1C4500B24AA4 /* MOZUCacheItem.m */,
				643D254D183C1F1A00B24AA4 /* MOZUCacheManager.h */,
				643D254E183C1F1A00B24AA4 /* MOZUCacheManager.m */,
			);
			name = Cache;
			sourceTree = "<group>";
		};
		643D2551183C337700B24AA4 /* Utilities */ = {
			isa = PBXGroup;
			children = (
				643D2552183C33EF00B24AA4 /* Base64.h */,
				643D2553183C33EF00B24AA4 /* Base64.m */,
				643D2567183D4F8300B24AA4 /* NSString+SHA256.h */,
				643D2568183D4F8300B24AA4 /* NSString+SHA256.m */,
				642B6CBC183FD4550056B2B3 /* MOZUResponseHelper.h */,
				642B6CBD183FD4550056B2B3 /* MOZUResponseHelper.m */,
			);
			name = Utilities;
			sourceTree = "<group>";
		};
		64767DC918424EF2000E8CD7 /* Urls */ = {
			isa = PBXGroup;
			children = (
				64767DCF184254BF000E8CD7 /* Platform */,
			);
			name = Urls;
			sourceTree = "<group>";
		};
		64767DCE184253FB000E8CD7 /* Clients */ = {
			isa = PBXGroup;
			children = (
				64767DDE18425537000E8CD7 /* Platform */,
			);
			name = Clients;
			sourceTree = "<group>";
		};
		64767DCF184254BF000E8CD7 /* Platform */ = {
			isa = PBXGroup;
			children = (
				64767DDA18425523000E8CD7 /* MOZUTenantUrl.h */,
				64767DDB18425523000E8CD7 /* MOZUTenantUrl.m */,
			);
			name = Platform;
			sourceTree = "<group>";
		};
		64767DDE18425537000E8CD7 /* Platform */ = {
			isa = PBXGroup;
			children = (
				64CE40FC1843F5EC002E77EF /* MOZUTenantClient.h */,
				64CE40FD1843F5EC002E77EF /* MOZUTenantClient.m */,
			);
			name = Platform;
			sourceTree = "<group>";
		};
		6480881618429BB2000E3999 /* Tenant */ = {
			isa = PBXGroup;
			children = (
				6480881718429D4F000E3999 /* MOZUSite.h */,
				6480881818429D4F000E3999 /* MOZUSite.m */,
				6480881B18429FD2000E3999 /* MOZUCatalog.h */,
				6480881C18429FD2000E3999 /* MOZUCatalog.m */,
				6480881F1842A145000E3999 /* MOZUMasterCatalog.h */,
				648088201842A145000E3999 /* MOZUMasterCatalog.m */,
				648088231842A2C6000E3999 /* MOZUTenant.h */,
				648088241842A2C6000E3999 /* MOZUTenant.m */,
			);
			name = Tenant;
			sourceTree = "<group>";
		};
		6485B4B718450AD3009D3723 /* Resources */ = {
			isa = PBXGroup;
			children = (
				6485B4B818450B1A009D3723 /* Platform */,
			);
			name = Resources;
			sourceTree = "<group>";
		};
		6485B4B818450B1A009D3723 /* Platform */ = {
			isa = PBXGroup;
			children = (
				6485B4B918450BB5009D3723 /* MOZUTenantResource.h */,
				6485B4BA18450BB5009D3723 /* MOZUTenantResource.m */,
			);
			name = Platform;
			sourceTree = "<group>";
		};
		6491152418201CA9003A8824 = {
			isa = PBXGroup;
			children = (
				6491153718201CA9003A8824 /* MozuApi */,
				6491154C18201CA9003A8824 /* MozuApiTests */,
				6491153018201CA9003A8824 /* Frameworks */,
				6491152F18201CA9003A8824 /* Products */,
			);
			sourceTree = "<group>";
		};
		6491152F18201CA9003A8824 /* Products */ = {
			isa = PBXGroup;
			children = (
				6491152E18201CA9003A8824 /* MozuApi.framework */,
				6491154518201CA9003A8824 /* MozuApiTests.xctest */,
			);
			name = Products;
			sourceTree = "<group>";
		};
		6491153018201CA9003A8824 /* Frameworks */ = {
			isa = PBXGroup;
			children = (
				6491153118201CA9003A8824 /* Cocoa.framework */,
				6491154618201CA9003A8824 /* XCTest.framework */,
				6491153318201CA9003A8824 /* Other Frameworks */,
			);
			name = Frameworks;
			sourceTree = "<group>";
		};
		6491153318201CA9003A8824 /* Other Frameworks */ = {
			isa = PBXGroup;
			children = (
				6491153418201CA9003A8824 /* Foundation.framework */,
				6491153518201CA9003A8824 /* CoreData.framework */,
				6491153618201CA9003A8824 /* AppKit.framework */,
			);
			name = "Other Frameworks";
			sourceTree = "<group>";
		};
		6491153718201CA9003A8824 /* MozuApi */ = {
			isa = PBXGroup;
			children = (
				643D2548183C1BE200B24AA4 /* Cache */,
				64767DCE184253FB000E8CD7 /* Clients */,
				6491155C18201D56003A8824 /* Contracts */,
				6491156418201D69003A8824 /* JSONModel */,
				6485B4B718450AD3009D3723 /* Resources */,
				6491159318201D8A003A8824 /* Security */,
				64767DC918424EF2000E8CD7 /* Urls */,
				643D2551183C337700B24AA4 /* Utilities */,
				6488CE7318242F180065D016 /* JSONValueTransformer+NSDate.h */,
				6488CE7418242F180065D016 /* JSONValueTransformer+NSDate.m */,
				642B6CAC183EBDA30056B2B3 /* MOZUApiContext.h */,
				642B6CAD183EBDA30056B2B3 /* MOZUApiContext.m */,
				642B6CAE183EBDA30056B2B3 /* MOZUApiError.h */,
				642B6CAF183EBDA30056B2B3 /* MOZUApiError.m */,
				642B6CB0183EBDA30056B2B3 /* MOZUClient.h */,
				642B6CB1183EBDA30056B2B3 /* MOZUClient.m */,
				642B6CB2183EBDA30056B2B3 /* MOZUHeaders.h */,
				642B6CB3183EBDA30056B2B3 /* MOZUHeaders.m */,
				643D256F183D700A00B24AA4 /* MOZUURL.h */,
				643D2570183D700A00B24AA4 /* MOZUURL.m */,
				6491153818201CA9003A8824 /* Supporting Files */,
			);
			path = MozuApi;
			sourceTree = "<group>";
		};
		6491153818201CA9003A8824 /* Supporting Files */ = {
			isa = PBXGroup;
			children = (
				6491153918201CA9003A8824 /* MozuApi-Info.plist */,
				6491153A18201CA9003A8824 /* InfoPlist.strings */,
				6491153D18201CA9003A8824 /* MozuApi-Prefix.pch */,
			);
			name = "Supporting Files";
			sourceTree = "<group>";
		};
		6491154C18201CA9003A8824 /* MozuApiTests */ = {
			isa = PBXGroup;
			children = (
				6491155218201CA9003A8824 /* MozuApiTests.m */,
				64AE485118298334006DD91F /* MOZUApiErrorTests.m */,
				6491154D18201CA9003A8824 /* Supporting Files */,
			);
			path = MozuApiTests;
			sourceTree = "<group>";
		};
		6491154D18201CA9003A8824 /* Supporting Files */ = {
			isa = PBXGroup;
			children = (
				6491154E18201CA9003A8824 /* MozuApiTests-Info.plist */,
				6491154F18201CA9003A8824 /* InfoPlist.strings */,
			);
			name = "Supporting Files";
			sourceTree = "<group>";
		};
		6491155C18201D56003A8824 /* Contracts */ = {
			isa = PBXGroup;
			children = (
				6491155D18201D56003A8824 /* AppDev */,
				6480881618429BB2000E3999 /* Tenant */,
			);
			path = Contracts;
			sourceTree = SOURCE_ROOT;
		};
		6491155D18201D56003A8824 /* AppDev */ = {
			isa = PBXGroup;
			children = (
				6491155E18201D56003A8824 /* MOZUAppAuthInfo.h */,
				6491155F18201D56003A8824 /* MOZUAppAuthInfo.m */,
				6491159618201D8A003A8824 /* MOZUAuthTicket.h */,
				6491156018201D56003A8824 /* MOZUAuthTicket.m */,
				642B6CC0183FF3FF0056B2B3 /* MOZUAuthTicketRequest.h */,
				642B6CC1183FF3FF0056B2B3 /* MOZUAuthTicketRequest.m */,
			);
			path = AppDev;
			sourceTree = "<group>";
		};
		6491156418201D69003A8824 /* JSONModel */ = {
			isa = PBXGroup;
			children = (
				6491156518201D69003A8824 /* JSONModel */,
				6491156E18201D69003A8824 /* JSONModelCategories */,
				6491157118201D69003A8824 /* JSONModelLib.h */,
				6491157218201D69003A8824 /* JSONModelNetworking */,
				6491157918201D69003A8824 /* JSONModelTransformations */,
			);
			path = JSONModel;
			sourceTree = SOURCE_ROOT;
		};
		6491156518201D69003A8824 /* JSONModel */ = {
			isa = PBXGroup;
			children = (
				6491156618201D69003A8824 /* JSONModel.h */,
				6491156718201D69003A8824 /* JSONModel.m */,
				6491156818201D69003A8824 /* JSONModelArray.h */,
				6491156918201D69003A8824 /* JSONModelArray.m */,
				6491156A18201D69003A8824 /* JSONModelClassProperty.h */,
				6491156B18201D69003A8824 /* JSONModelClassProperty.m */,
				6491156C18201D69003A8824 /* JSONModelError.h */,
				6491156D18201D69003A8824 /* JSONModelError.m */,
			);
			path = JSONModel;
			sourceTree = "<group>";
		};
		6491156E18201D69003A8824 /* JSONModelCategories */ = {
			isa = PBXGroup;
			children = (
				6491156F18201D69003A8824 /* NSArray+JSONModel.h */,
				6491157018201D69003A8824 /* NSArray+JSONModel.m */,
			);
			path = JSONModelCategories;
			sourceTree = "<group>";
		};
		6491157218201D69003A8824 /* JSONModelNetworking */ = {
			isa = PBXGroup;
			children = (
				6491157318201D69003A8824 /* JSONAPI.h */,
				6491157418201D69003A8824 /* JSONAPI.m */,
				6491157518201D69003A8824 /* JSONHTTPClient.h */,
				6491157618201D69003A8824 /* JSONHTTPClient.m */,
				6491157718201D69003A8824 /* JSONModel+networking.h */,
				6491157818201D69003A8824 /* JSONModel+networking.m */,
			);
			path = JSONModelNetworking;
			sourceTree = "<group>";
		};
		6491157918201D69003A8824 /* JSONModelTransformations */ = {
			isa = PBXGroup;
			children = (
				6491157A18201D69003A8824 /* JSONKeyMapper.h */,
				6491157B18201D69003A8824 /* JSONKeyMapper.m */,
				6491157C18201D69003A8824 /* JSONValueTransformer.h */,
				6491157D18201D69003A8824 /* JSONValueTransformer.m */,
			);
			path = JSONModelTransformations;
			sourceTree = "<group>";
		};
		6491159318201D8A003A8824 /* Security */ = {
			isa = PBXGroup;
			children = (
				6491159418201D8A003A8824 /* MOZUAppAuthenticator.h */,
				6491159518201D8A003A8824 /* MOZUAppAuthenticator.m */,
				643D2562183D151A00B24AA4 /* MOZUCrypto.h */,
				643D2563183D151A00B24AA4 /* MOZUCrypto.m */,
				643D256B183D585A00B24AA4 /* MOZURefreshInterval.h */,
				643D256C183D585A00B24AA4 /* MOZURefreshInterval.m */,
				64477A0F183E8E3E00ACD5B9 /* MOZUUserAuthenticator.h */,
				64477A10183E8E3E00ACD5B9 /* MOZUUserAuthenticator.m */,
			);
			path = Security;
			sourceTree = SOURCE_ROOT;
		};
/* End PBXGroup section */

/* Begin PBXHeadersBuildPhase section */
		6491152B18201CA9003A8824 /* Headers */ = {
			isa = PBXHeadersBuildPhase;
			buildActionMask = 2147483647;
			files = (
				6491158818201D69003A8824 /* JSONModelLib.h in Headers */,
				6491158218201D69003A8824 /* JSONModelClassProperty.h in Headers */,
				6491158D18201D69003A8824 /* JSONModel+networking.h in Headers */,
				648088211842A145000E3999 /* MOZUMasterCatalog.h in Headers */,
				643D2554183C33EF00B24AA4 /* Base64.h in Headers */,
				6491159918201D8A003A8824 /* MOZUAuthTicket.h in Headers */,
				642B6CC2183FF3FF0056B2B3 /* MOZUAuthTicketRequest.h in Headers */,
				643D2564183D151A00B24AA4 /* MOZUCrypto.h in Headers */,
				6491158618201D69003A8824 /* NSArray+JSONModel.h in Headers */,
				6488CE7518242F180065D016 /* JSONValueTransformer+NSDate.h in Headers */,
				6480881D18429FD2000E3999 /* MOZUCatalog.h in Headers */,
				6485B4BB18450BB5009D3723 /* MOZUTenantResource.h in Headers */,
				648088251842A2C6000E3999 /* MOZUTenant.h in Headers */,
				643D2571183D700A00B24AA4 /* MOZUURL.h in Headers */,
				642B6CB6183EBDA30056B2B3 /* MOZUApiError.h in Headers */,
				64477A11183E8E3E00ACD5B9 /* MOZUUserAuthenticator.h in Headers */,
				6491159718201D8A003A8824 /* MOZUAppAuthenticator.h in Headers */,
				6491158F18201D69003A8824 /* JSONKeyMapper.h in Headers */,
				6491158918201D69003A8824 /* JSONAPI.h in Headers */,
				643D2569183D4F8300B24AA4 /* NSString+SHA256.h in Headers */,
				6491157E18201D69003A8824 /* JSONModel.h in Headers */,
				642B6CBA183EBDA30056B2B3 /* MOZUHeaders.h in Headers */,
				6491158B18201D69003A8824 /* JSONHTTPClient.h in Headers */,
				6480881918429D4F000E3999 /* MOZUSite.h in Headers */,
				64767DDC18425523000E8CD7 /* MOZUTenantUrl.h in Headers */,
				642B6CB4183EBDA30056B2B3 /* MOZUApiContext.h in Headers */,
				6491156118201D56003A8824 /* MOZUAppAuthInfo.h in Headers */,
				642B6CBE183FD4550056B2B3 /* MOZUResponseHelper.h in Headers */,
				6491158418201D69003A8824 /* JSONModelError.h in Headers */,
				643D256D183D585A00B24AA4 /* MOZURefreshInterval.h in Headers */,
				6491159118201D69003A8824 /* JSONValueTransformer.h in Headers */,
				642B6CB8183EBDA30056B2B3 /* MOZUClient.h in Headers */,
				64CE40FE1843F5EC002E77EF /* MOZUTenantClient.h in Headers */,
				643D254B183C1C4500B24AA4 /* MOZUCacheItem.h in Headers */,
				643D254F183C1F1A00B24AA4 /* MOZUCacheManager.h in Headers */,
				6491158018201D69003A8824 /* JSONModelArray.h in Headers */,
			);
			runOnlyForDeploymentPostprocessing = 0;
		};
/* End PBXHeadersBuildPhase section */

/* Begin PBXNativeTarget section */
		6491152D18201CA9003A8824 /* MozuApi */ = {
			isa = PBXNativeTarget;
			buildConfigurationList = 6491155618201CA9003A8824 /* Build configuration list for PBXNativeTarget "MozuApi" */;
			buildPhases = (
				6491152918201CA9003A8824 /* Sources */,
				6491152A18201CA9003A8824 /* Frameworks */,
				6491152B18201CA9003A8824 /* Headers */,
				6491152C18201CA9003A8824 /* Resources */,
			);
			buildRules = (
			);
			dependencies = (
			);
			name = MozuApi;
			productName = MozuApi;
			productReference = 6491152E18201CA9003A8824 /* MozuApi.framework */;
			productType = "com.apple.product-type.framework";
		};
		6491154418201CA9003A8824 /* MozuApiTests */ = {
			isa = PBXNativeTarget;
			buildConfigurationList = 6491155918201CA9003A8824 /* Build configuration list for PBXNativeTarget "MozuApiTests" */;
			buildPhases = (
				6491154118201CA9003A8824 /* Sources */,
				6491154218201CA9003A8824 /* Frameworks */,
				6491154318201CA9003A8824 /* Resources */,
			);
			buildRules = (
			);
			dependencies = (
				6491154A18201CA9003A8824 /* PBXTargetDependency */,
			);
			name = MozuApiTests;
			productName = MozuApiTests;
			productReference = 6491154518201CA9003A8824 /* MozuApiTests.xctest */;
			productType = "com.apple.product-type.bundle.unit-test";
		};
/* End PBXNativeTarget section */

/* Begin PBXProject section */
		6491152518201CA9003A8824 /* Project object */ = {
			isa = PBXProject;
			attributes = {
				CLASSPREFIX = MOZU;
				LastUpgradeCheck = 0500;
				ORGANIZATIONNAME = Volusion;
				TargetAttributes = {
					6491154418201CA9003A8824 = {
						TestTargetID = 6491152D18201CA9003A8824;
					};
				};
			};
			buildConfigurationList = 6491152818201CA9003A8824 /* Build configuration list for PBXProject "MozuApi" */;
			compatibilityVersion = "Xcode 3.2";
			developmentRegion = English;
			hasScannedForEncodings = 0;
			knownRegions = (
				en,
			);
			mainGroup = 6491152418201CA9003A8824;
			productRefGroup = 6491152F18201CA9003A8824 /* Products */;
			projectDirPath = "";
			projectRoot = "";
			targets = (
				6491152D18201CA9003A8824 /* MozuApi */,
				6491154418201CA9003A8824 /* MozuApiTests */,
			);
		};
/* End PBXProject section */

/* Begin PBXResourcesBuildPhase section */
		6491152C18201CA9003A8824 /* Resources */ = {
			isa = PBXResourcesBuildPhase;
			buildActionMask = 2147483647;
			files = (
				6491153C18201CA9003A8824 /* InfoPlist.strings in Resources */,
			);
			runOnlyForDeploymentPostprocessing = 0;
		};
		6491154318201CA9003A8824 /* Resources */ = {
			isa = PBXResourcesBuildPhase;
			buildActionMask = 2147483647;
			files = (
				6491155118201CA9003A8824 /* InfoPlist.strings in Resources */,
			);
			runOnlyForDeploymentPostprocessing = 0;
		};
/* End PBXResourcesBuildPhase section */

/* Begin PBXSourcesBuildPhase section */
		6491152918201CA9003A8824 /* Sources */ = {
			isa = PBXSourcesBuildPhase;
			buildActionMask = 2147483647;
			files = (
				648088261842A2C6000E3999 /* MOZUTenant.m in Sources */,
				648088221842A145000E3999 /* MOZUMasterCatalog.m in Sources */,
				6491159818201D8A003A8824 /* MOZUAppAuthenticator.m in Sources */,
				6491158C18201D69003A8824 /* JSONHTTPClient.m in Sources */,
				642B6CBF183FD4550056B2B3 /* MOZUResponseHelper.m in Sources */,
				6491158118201D69003A8824 /* JSONModelArray.m in Sources */,
				6491158518201D69003A8824 /* JSONModelError.m in Sources */,
				642B6CB9183EBDA30056B2B3 /* MOZUClient.m in Sources */,
				643D254C183C1C4500B24AA4 /* MOZUCacheItem.m in Sources */,
				6491158A18201D69003A8824 /* JSONAPI.m in Sources */,
				642B6CC3183FF3FF0056B2B3 /* MOZUAuthTicketRequest.m in Sources */,
				643D2550183C1F1A00B24AA4 /* MOZUCacheManager.m in Sources */,
				6491159218201D69003A8824 /* JSONValueTransformer.m in Sources */,
				642B6CB7183EBDA30056B2B3 /* MOZUApiError.m in Sources */,
				6488CE7618242F180065D016 /* JSONValueTransformer+NSDate.m in Sources */,
				642B6CBB183EBDA30056B2B3 /* MOZUHeaders.m in Sources */,
				643D2572183D700A00B24AA4 /* MOZUURL.m in Sources */,
				6480881A18429D4F000E3999 /* MOZUSite.m in Sources */,
				6491156218201D56003A8824 /* MOZUAppAuthInfo.m in Sources */,
				6491157F18201D69003A8824 /* JSONModel.m in Sources */,
				642B6CB5183EBDA30056B2B3 /* MOZUApiContext.m in Sources */,
				6491159018201D69003A8824 /* JSONKeyMapper.m in Sources */,
				6485B4BC18450BB5009D3723 /* MOZUTenantResource.m in Sources */,
				6491158E18201D69003A8824 /* JSONModel+networking.m in Sources */,
				6491158718201D69003A8824 /* NSArray+JSONModel.m in Sources */,
				643D256E183D585A00B24AA4 /* MOZURefreshInterval.m in Sources */,
				643D2565183D151A00B24AA4 /* MOZUCrypto.m in Sources */,
				643D2555183C33EF00B24AA4 /* Base64.m in Sources */,
				6480881E18429FD2000E3999 /* MOZUCatalog.m in Sources */,
				64767DDD18425523000E8CD7 /* MOZUTenantUrl.m in Sources */,
				6491156318201D56003A8824 /* MOZUAuthTicket.m in Sources */,
				6491158318201D69003A8824 /* JSONModelClassProperty.m in Sources */,
				643D256A183D4F8300B24AA4 /* NSString+SHA256.m in Sources */,
				64477A12183E8E3E00ACD5B9 /* MOZUUserAuthenticator.m in Sources */,
				64CE40FF1843F5EC002E77EF /* MOZUTenantClient.m in Sources */,
			);
			runOnlyForDeploymentPostprocessing = 0;
		};
		6491154118201CA9003A8824 /* Sources */ = {
			isa = PBXSourcesBuildPhase;
			buildActionMask = 2147483647;
			files = (
				64AE485218298334006DD91F /* MOZUApiErrorTests.m in Sources */,
				6491155318201CA9003A8824 /* MozuApiTests.m in Sources */,
			);
			runOnlyForDeploymentPostprocessing = 0;
		};
/* End PBXSourcesBuildPhase section */

/* Begin PBXTargetDependency section */
		6491154A18201CA9003A8824 /* PBXTargetDependency */ = {
			isa = PBXTargetDependency;
			target = 6491152D18201CA9003A8824 /* MozuApi */;
			targetProxy = 6491154918201CA9003A8824 /* PBXContainerItemProxy */;
		};
/* End PBXTargetDependency section */

/* Begin PBXVariantGroup section */
		6491153A18201CA9003A8824 /* InfoPlist.strings */ = {
			isa = PBXVariantGroup;
			children = (
				6491153B18201CA9003A8824 /* en */,
			);
			name = InfoPlist.strings;
			sourceTree = "<group>";
		};
		6491154F18201CA9003A8824 /* InfoPlist.strings */ = {
			isa = PBXVariantGroup;
			children = (
				6491155018201CA9003A8824 /* en */,
			);
			name = InfoPlist.strings;
			sourceTree = "<group>";
		};
/* End PBXVariantGroup section */

/* Begin XCBuildConfiguration section */
		6491155418201CA9003A8824 /* Debug */ = {
			isa = XCBuildConfiguration;
			buildSettings = {
				ALWAYS_SEARCH_USER_PATHS = NO;
				CLANG_CXX_LANGUAGE_STANDARD = "gnu++0x";
				CLANG_CXX_LIBRARY = "libc++";
				CLANG_ENABLE_OBJC_ARC = YES;
				CLANG_WARN_BOOL_CONVERSION = YES;
				CLANG_WARN_CONSTANT_CONVERSION = YES;
				CLANG_WARN_DIRECT_OBJC_ISA_USAGE = YES_ERROR;
				CLANG_WARN_EMPTY_BODY = YES;
				CLANG_WARN_ENUM_CONVERSION = YES;
				CLANG_WARN_INT_CONVERSION = YES;
				CLANG_WARN_OBJC_ROOT_CLASS = YES_ERROR;
				CLANG_WARN__DUPLICATE_METHOD_MATCH = YES;
				COPY_PHASE_STRIP = NO;
				GCC_C_LANGUAGE_STANDARD = gnu99;
				GCC_DYNAMIC_NO_PIC = NO;
				GCC_ENABLE_OBJC_EXCEPTIONS = YES;
				GCC_OPTIMIZATION_LEVEL = 0;
				GCC_PREPROCESSOR_DEFINITIONS = (
					"DEBUG=1",
					"$(inherited)",
				);
				GCC_SYMBOLS_PRIVATE_EXTERN = NO;
				GCC_WARN_64_TO_32_BIT_CONVERSION = YES;
				GCC_WARN_ABOUT_RETURN_TYPE = YES_ERROR;
				GCC_WARN_UNDECLARED_SELECTOR = YES;
				GCC_WARN_UNINITIALIZED_AUTOS = YES;
				GCC_WARN_UNUSED_FUNCTION = YES;
				GCC_WARN_UNUSED_VARIABLE = YES;
				MACOSX_DEPLOYMENT_TARGET = 10.9;
				ONLY_ACTIVE_ARCH = YES;
				SDKROOT = macosx;
			};
			name = Debug;
		};
		6491155518201CA9003A8824 /* Release */ = {
			isa = XCBuildConfiguration;
			buildSettings = {
				ALWAYS_SEARCH_USER_PATHS = NO;
				CLANG_CXX_LANGUAGE_STANDARD = "gnu++0x";
				CLANG_CXX_LIBRARY = "libc++";
				CLANG_ENABLE_OBJC_ARC = YES;
				CLANG_WARN_BOOL_CONVERSION = YES;
				CLANG_WARN_CONSTANT_CONVERSION = YES;
				CLANG_WARN_DIRECT_OBJC_ISA_USAGE = YES_ERROR;
				CLANG_WARN_EMPTY_BODY = YES;
				CLANG_WARN_ENUM_CONVERSION = YES;
				CLANG_WARN_INT_CONVERSION = YES;
				CLANG_WARN_OBJC_ROOT_CLASS = YES_ERROR;
				CLANG_WARN__DUPLICATE_METHOD_MATCH = YES;
				COPY_PHASE_STRIP = YES;
				DEBUG_INFORMATION_FORMAT = "dwarf-with-dsym";
				ENABLE_NS_ASSERTIONS = NO;
				GCC_C_LANGUAGE_STANDARD = gnu99;
				GCC_ENABLE_OBJC_EXCEPTIONS = YES;
				GCC_WARN_64_TO_32_BIT_CONVERSION = YES;
				GCC_WARN_ABOUT_RETURN_TYPE = YES_ERROR;
				GCC_WARN_UNDECLARED_SELECTOR = YES;
				GCC_WARN_UNINITIALIZED_AUTOS = YES;
				GCC_WARN_UNUSED_FUNCTION = YES;
				GCC_WARN_UNUSED_VARIABLE = YES;
				MACOSX_DEPLOYMENT_TARGET = 10.9;
				SDKROOT = macosx;
			};
			name = Release;
		};
		6491155718201CA9003A8824 /* Debug */ = {
			isa = XCBuildConfiguration;
			buildSettings = {
				COMBINE_HIDPI_IMAGES = YES;
				DYLIB_COMPATIBILITY_VERSION = 1;
				DYLIB_CURRENT_VERSION = 1;
				FRAMEWORK_VERSION = A;
				GCC_PRECOMPILE_PREFIX_HEADER = YES;
				GCC_PREFIX_HEADER = "MozuApi/MozuApi-Prefix.pch";
				INFOPLIST_FILE = "MozuApi/MozuApi-Info.plist";
				PRODUCT_NAME = "$(TARGET_NAME)";
				WRAPPER_EXTENSION = framework;
			};
			name = Debug;
		};
		6491155818201CA9003A8824 /* Release */ = {
			isa = XCBuildConfiguration;
			buildSettings = {
				COMBINE_HIDPI_IMAGES = YES;
				DYLIB_COMPATIBILITY_VERSION = 1;
				DYLIB_CURRENT_VERSION = 1;
				FRAMEWORK_VERSION = A;
				GCC_PRECOMPILE_PREFIX_HEADER = YES;
				GCC_PREFIX_HEADER = "MozuApi/MozuApi-Prefix.pch";
				INFOPLIST_FILE = "MozuApi/MozuApi-Info.plist";
				PRODUCT_NAME = "$(TARGET_NAME)";
				WRAPPER_EXTENSION = framework;
			};
			name = Release;
		};
		6491155A18201CA9003A8824 /* Debug */ = {
			isa = XCBuildConfiguration;
			buildSettings = {
				BUNDLE_LOADER = "$(BUILT_PRODUCTS_DIR)/MozuApi.framework/Versions/A/MozuApi";
				COMBINE_HIDPI_IMAGES = YES;
				FRAMEWORK_SEARCH_PATHS = (
					"$(DEVELOPER_FRAMEWORKS_DIR)",
					"$(inherited)",
				);
				GCC_PRECOMPILE_PREFIX_HEADER = YES;
				GCC_PREFIX_HEADER = "MozuApi/MozuApi-Prefix.pch";
				GCC_PREPROCESSOR_DEFINITIONS = (
					"DEBUG=1",
					"$(inherited)",
				);
				INFOPLIST_FILE = "MozuApiTests/MozuApiTests-Info.plist";
				PRODUCT_NAME = "$(TARGET_NAME)";
				TEST_HOST = "$(BUNDLE_LOADER)";
				WRAPPER_EXTENSION = xctest;
			};
			name = Debug;
		};
		6491155B18201CA9003A8824 /* Release */ = {
			isa = XCBuildConfiguration;
			buildSettings = {
				BUNDLE_LOADER = "$(BUILT_PRODUCTS_DIR)/MozuApi.framework/Versions/A/MozuApi";
				COMBINE_HIDPI_IMAGES = YES;
				FRAMEWORK_SEARCH_PATHS = (
					"$(DEVELOPER_FRAMEWORKS_DIR)",
					"$(inherited)",
				);
				GCC_PRECOMPILE_PREFIX_HEADER = YES;
				GCC_PREFIX_HEADER = "MozuApi/MozuApi-Prefix.pch";
				INFOPLIST_FILE = "MozuApiTests/MozuApiTests-Info.plist";
				PRODUCT_NAME = "$(TARGET_NAME)";
				TEST_HOST = "$(BUNDLE_LOADER)";
				WRAPPER_EXTENSION = xctest;
			};
			name = Release;
		};
/* End XCBuildConfiguration section */

/* Begin XCConfigurationList section */
		6491152818201CA9003A8824 /* Build configuration list for PBXProject "MozuApi" */ = {
			isa = XCConfigurationList;
			buildConfigurations = (
				6491155418201CA9003A8824 /* Debug */,
				6491155518201CA9003A8824 /* Release */,
			);
			defaultConfigurationIsVisible = 0;
			defaultConfigurationName = Release;
		};
		6491155618201CA9003A8824 /* Build configuration list for PBXNativeTarget "MozuApi" */ = {
			isa = XCConfigurationList;
			buildConfigurations = (
				6491155718201CA9003A8824 /* Debug */,
				6491155818201CA9003A8824 /* Release */,
			);
			defaultConfigurationIsVisible = 0;
			defaultConfigurationName = Release;
		};
		6491155918201CA9003A8824 /* Build configuration list for PBXNativeTarget "MozuApiTests" */ = {
			isa = XCConfigurationList;
			buildConfigurations = (
				6491155A18201CA9003A8824 /* Debug */,
				6491155B18201CA9003A8824 /* Release */,
			);
			defaultConfigurationIsVisible = 0;
			defaultConfigurationName = Release;
		};
/* End XCConfigurationList section */
	};
	rootObject = 6491152518201CA9003A8824 /* Project object */;
}
